
Microsoft Visual Studio Solution File, Format Version 12.00
# Visual Studio Version 17
VisualStudioVersion = 17.5.33516.290
MinimumVisualStudioVersion = 10.0.40219.1
Project("{9A19103F-16F7-4668-BE54-9A1E7A4F7556}") = "Home1", "Home1\Home1.csproj", "{7B3FBA46-BFB6-4069-B0B6-2DD7B27074C4}"
EndProject
Project("{9A19103F-16F7-4668-BE54-9A1E7A4F7556}") = "Home2", "Home2\Home2.csproj", "{734B3445-1982-4337-A248-C1D2143FBD55}"
EndProject
Project("{9A19103F-16F7-4668-BE54-9A1E7A4F7556}") = "Home3", "Home3\Home3.csproj", "{275904A1-FBC7-4C43-9540-A2F5CC8CF7CA}"
EndProject
Project("{9A19103F-16F7-4668-BE54-9A1E7A4F7556}") = "Home4", "Home4\Home4.csproj", "{5A00A594-4449-42CB-B771-90E4081E91D2}"
EndProject
Project("{9A19103F-16F7-4668-BE54-9A1E7A4F7556}") = "Home5", "Home5\Home5.csproj", "{2F1BD1BE-F98E-40C1-A547-64581A16AF1A}"
EndProject
Project("{FAE04EC0-301F-11D3-BF4B-00C04F79EFBC}") = "Home6", "Home6\Home6.csproj", "{EA5A4743-EBDF-4687-8ABD-0C8D4716F19C}"
EndProject
Global
	GlobalSection(SolutionConfigurationPlatforms) = preSolution
		Debug|Any CPU = Debug|Any CPU
		Release|Any CPU = Release|Any CPU
	EndGlobalSection
	GlobalSection(ProjectConfigurationPlatforms) = postSolution
		{7B3FBA46-BFB6-4069-B0B6-2DD7B27074C4}.Debug|Any CPU.ActiveCfg = Debug|Any CPU
		{7B3FBA46-BFB6-4069-B0B6-2DD7B27074C4}.Debug|Any CPU.Build.0 = Debug|Any CPU
		{7B3FBA46-BFB6-4069-B0B6-2DD7B27074C4}.Release|Any CPU.ActiveCfg = Release|Any CPU
		{7B3FBA46-BFB6-4069-B0B6-2DD7B27074C4}.Release|Any CPU.Build.0 = Release|Any CPU
		{734B3445-1982-4337-A248-C1D2143FBD55}.Debug|Any CPU.ActiveCfg = Debug|Any CPU
		{734B3445-1982-4337-A248-C1D2143FBD55}.Debug|Any CPU.Build.0 = Debug|Any CPU
		{734B3445-1982-4337-A248-C1D2143FBD55}.Release|Any CPU.ActiveCfg = Release|Any CPU
		{734B3445-1982-4337-A248-C1D2143FBD55}.Release|Any CPU.Build.0 = Release|Any CPU
		{275904A1-FBC7-4C43-9540-A2F5CC8CF7CA}.Debug|Any CPU.ActiveCfg = Debug|Any CPU
		{275904A1-FBC7-4C43-9540-A2F5CC8CF7CA}.Debug|Any CPU.Build.0 = Debug|Any CPU
		{275904A1-FBC7-4C43-9540-A2F5CC8CF7CA}.Release|Any CPU.ActiveCfg = Release|Any CPU
		{275904A1-FBC7-4C43-9540-A2F5CC8CF7CA}.Release|Any CPU.Build.0 = Release|Any CPU
		{5A00A594-4449-42CB-B771-90E4081E91D2}.Debug|Any CPU.ActiveCfg = Debug|Any CPU
		{5A00A594-4449-42CB-B771-90E4081E91D2}.Debug|Any CPU.Build.0 = Debug|Any CPU
		{5A00A594-4449-42CB-B771-90E4081E91D2}.Release|Any CPU.ActiveCfg = Release|Any CPU
		{5A00A594-4449-42CB-B771-90E4081E91D2}.Release|Any CPU.Build.0 = Release|Any CPU
		{2F1BD1BE-F98E-40C1-A547-64581A16AF1A}.Debug|Any CPU.ActiveCfg = Debug|Any CPU
		{2F1BD1BE-F98E-40C1-A547-64581A16AF1A}.Debug|Any CPU.Build.0 = Debug|Any CPU
		{2F1BD1BE-F98E-40C1-A547-64581A16AF1A}.Release|Any CPU.ActiveCfg = Release|Any CPU
		{2F1BD1BE-F98E-40C1-A547-64581A16AF1A}.Release|Any CPU.Build.0 = Release|Any CPU
		{EA5A4743-EBDF-4687-8ABD-0C8D4716F19C}.Debug|Any CPU.ActiveCfg = Debug|Any CPU
		{EA5A4743-EBDF-4687-8ABD-0C8D4716F19C}.Debug|Any CPU.Build.0 = Debug|Any CPU
		{EA5A4743-EBDF-4687-8ABD-0C8D4716F19C}.Release|Any CPU.ActiveCfg = Release|Any CPU
		{EA5A4743-EBDF-4687-8ABD-0C8D4716F19C}.Release|Any CPU.Build.0 = Release|Any CPU
	EndGlobalSection
	GlobalSection(SolutionProperties) = preSolution
		HideSolutionNode = FALSE
	EndGlobalSection
	GlobalSection(ExtensibilityGlobals) = postSolution
		SolutionGuid = {8ED27910-B71B-42C3-A8E0-7136E18043E6}
	EndGlobalSection
EndGlobal
